// !$*UTF8*$!
{
	archiveVersion = 1;
	classes = {
	};
	objectVersion = 77;
	objects = {

/* Begin PBXContainerItemProxy section */
		32CA9D592DA7E1B300237881 /* PBXContainerItemProxy */ = {
			isa = PBXContainerItemProxy;
			containerPortal = 32CA9D402DA7E1B100237881 /* Project object */;
			proxyType = 1;
			remoteGlobalIDString = 32CA9D472DA7E1B100237881;
			remoteInfo = ToDoList_SwiftUI;
		};
		32CA9D632DA7E1B300237881 /* PBXContainerItemProxy */ = {
			isa = PBXContainerItemProxy;
			containerPortal = 32CA9D402DA7E1B100237881 /* Project object */;
			proxyType = 1;
			remoteGlobalIDString = 32CA9D472DA7E1B100237881;
			remoteInfo = ToDoList_SwiftUI;
		};
/* End PBXContainerItemProxy section */

/* Begin PBXFileReference section */
		32CA9D482DA7E1B100237881 /* ToDoList_SwiftUI.app */ = {isa = PBXFileReference; explicitFileType = wrapper.application; includeInIndex = 0; path = ToDoList_SwiftUI.app; sourceTree = BUILT_PRODUCTS_DIR; };
		32CA9D582DA7E1B300237881 /* ToDoList_SwiftUITests.xctest */ = {isa = PBXFileReference; explicitFileType = wrapper.cfbundle; includeInIndex = 0; path = ToDoList_SwiftUITests.xctest; sourceTree = BUILT_PRODUCTS_DIR; };
		32CA9D622DA7E1B300237881 /* ToDoList_SwiftUIUITests.xctest */ = {isa = PBXFileReference; explicitFileType = wrapper.cfbundle; includeInIndex = 0; path = ToDoList_SwiftUIUITests.xctest; sourceTree = BUILT_PRODUCTS_DIR; };
/* End PBXFileReference section */

/* Begin PBXFileSystemSynchronizedRootGroup section */
		32CA9D4A2DA7E1B100237881 /* ToDoList_SwiftUI */ = {
			isa = PBXFileSystemSynchronizedRootGroup;
			path = ToDoList_SwiftUI;
			sourceTree = "<group>";
		};
		32CA9D5B2DA7E1B300237881 /* ToDoList_SwiftUITests */ = {
			isa = PBXFileSystemSynchronizedRootGroup;
			path = ToDoList_SwiftUITests;
			sourceTree = "<group>";
		};
		32CA9D652DA7E1B300237881 /* ToDoList_SwiftUIUITests */ = {
			isa = PBXFileSystemSynchronizedRootGroup;
			path = ToDoList_SwiftUIUITests;
			sourceTree = "<group>";
		};
/* End PBXFileSystemSynchronizedRootGroup section */

/* Begin PBXFrameworksBuildPhase section */
		32CA9D452DA7E1B100237881 /* Frameworks */ = {
			isa = PBXFrameworksBuildPhase;
			buildActionMask = 2147483647;
			files = (
			);
			runOnlyForDeploymentPostprocessing = 0;
		};
		32CA9D552DA7E1B300237881 /* Frameworks */ = {
			isa = PBXFrameworksBuildPhase;
			buildActionMask = 2147483647;
			files = (
			);
			runOnlyForDeploymentPostprocessing = 0;
		};
		32CA9D5F2DA7E1B300237881 /* Frameworks */ = {
			isa = PBXFrameworksBuildPhase;
			buildActionMask = 2147483647;
			files = (
			);
			runOnlyForDeploymentPostprocessing = 0;
		};
/* End PBXFrameworksBuildPhase section */

/* Begin PBXGroup section */
		32CA9D3F2DA7E1B100237881 = {
			isa = PBXGroup;
			children = (
				32CA9D4A2DA7E1B100237881 /* ToDoList_SwiftUI */,
				32CA9D5B2DA7E1B300237881 /* ToDoList_SwiftUITests */,
				32CA9D652DA7E1B300237881 /* ToDoList_SwiftUIUITests */,
				32CA9D492DA7E1B100237881 /* Products */,
			);
			sourceTree = "<group>";
		};
		32CA9D492DA7E1B100237881 /* Products */ = {
			isa = PBXGroup;
			children = (
				32CA9D482DA7E1B100237881 /* ToDoList_SwiftUI.app */,
				32CA9D582DA7E1B300237881 /* ToDoList_SwiftUITests.xctest */,
				32CA9D622DA7E1B300237881 /* ToDoList_SwiftUIUITests.xctest */,
			);
			name = Products;
			sourceTree = "<group>";
		};
/* End PBXGroup section */

/* Begin PBXNativeTarget section */
		32CA9D472DA7E1B100237881 /* ToDoList_SwiftUI */ = {
			isa = PBXNativeTarget;
			buildConfigurationList = 32CA9D6C2DA7E1B300237881 /* Build configuration list for PBXNativeTarget "ToDoList_SwiftUI" */;
			buildPhases = (
				32CA9D442DA7E1B100237881 /* Sources */,
				32CA9D452DA7E1B100237881 /* Frameworks */,
				32CA9D462DA7E1B100237881 /* Resources */,
			);
			buildRules = (
			);
			dependencies = (
			);
			fileSystemSynchronizedGroups = (
				32CA9D4A2DA7E1B100237881 /* ToDoList_SwiftUI */,
			);
			name = ToDoList_SwiftUI;
			packageProductDependencies = (
			);
			productName = ToDoList_SwiftUI;
			productReference = 32CA9D482DA7E1B100237881 /* ToDoList_SwiftUI.app */;
			productType = "com.apple.product-type.application";
		};
		32CA9D572DA7E1B300237881 /* ToDoList_SwiftUITests */ = {
			isa = PBXNativeTarget;
			buildConfigurationList = 32CA9D6F2DA7E1B300237881 /* Build configuration list for PBXNativeTarget "ToDoList_SwiftUITests" */;
			buildPhases = (
				32CA9D542DA7E1B300237881 /* Sources */,
				32CA9D552DA7E1B300237881 /* Frameworks */,
				32CA9D562DA7E1B300237881 /* Resources */,
			);
			buildRules = (
			);
			dependencies = (
				32CA9D5A2DA7E1B300237881 /* PBXTargetDependency */,
			);
			fileSystemSynchronizedGroups = (
				32CA9D5B2DA7E1B300237881 /* ToDoList_SwiftUITests */,
			);
			name = ToDoList_SwiftUITests;
			packageProductDependencies = (
			);
			productName = ToDoList_SwiftUITests;
			productReference = 32CA9D582DA7E1B300237881 /* ToDoList_SwiftUITests.xctest */;
			productType = "com.apple.product-type.bundle.unit-test";
		};
		32CA9D612DA7E1B300237881 /* ToDoList_SwiftUIUITests */ = {
			isa = PBXNativeTarget;
			buildConfigurationList = 32CA9D722DA7E1B300237881 /* Build configuration list for PBXNativeTarget "ToDoList_SwiftUIUITests" */;
			buildPhases = (
				32CA9D5E2DA7E1B300237881 /* Sources */,
				32CA9D5F2DA7E1B300237881 /* Frameworks */,
				32CA9D602DA7E1B300237881 /* Resources */,
			);
			buildRules = (
			);
			dependencies = (
				32CA9D642DA7E1B300237881 /* PBXTargetDependency */,
			);
			fileSystemSynchronizedGroups = (
				32CA9D652DA7E1B300237881 /* ToDoList_SwiftUIUITests */,
			);
			name = ToDoList_SwiftUIUITests;
			packageProductDependencies = (
			);
			productName = ToDoList_SwiftUIUITests;
			productReference = 32CA9D622DA7E1B300237881 /* ToDoList_SwiftUIUITests.xctest */;
			productType = "com.apple.product-type.bundle.ui-testing";
		};
/* End PBXNativeTarget section */

/* Begin PBXProject section */
		32CA9D402DA7E1B100237881 /* Project object */ = {
			isa = PBXProject;
			attributes = {
				BuildIndependentTargetsInParallel = 1;
				LastSwiftUpdateCheck = 1620;
				LastUpgradeCheck = 1620;
				TargetAttributes = {
					32CA9D472DA7E1B100237881 = {
						CreatedOnToolsVersion = 16.2;
					};
					32CA9D572DA7E1B300237881 = {
						CreatedOnToolsVersion = 16.2;
						TestTargetID = 32CA9D472DA7E1B100237881;
					};
					32CA9D612DA7E1B300237881 = {
						CreatedOnToolsVersion = 16.2;
						TestTargetID = 32CA9D472DA7E1B100237881;
					};
				};
			};
			buildConfigurationList = 32CA9D432DA7E1B100237881 /* Build configuration list for PBXProject "ToDoList_SwiftUI" */;
			developmentRegion = en;
			hasScannedForEncodings = 0;
			knownRegions = (
				en,
				Base,
			);
			mainGroup = 32CA9D3F2DA7E1B100237881;
			minimizedProjectReferenceProxies = 1;
			preferredProjectObjectVersion = 77;
			productRefGroup = 32CA9D492DA7E1B100237881 /* Products */;
			projectDirPath = "";
			projectRoot = "";
			targets = (
				32CA9D472DA7E1B100237881 /* ToDoList_SwiftUI */,
				32CA9D572DA7E1B300237881 /* ToDoList_SwiftUITests */,
				32CA9D612DA7E1B300237881 /* ToDoList_SwiftUIUITests */,
			);
		};
/* End PBXProject section */

/* Begin PBXResourcesBuildPhase section */
		32CA9D462DA7E1B100237881 /* Resources */ = {
			isa = PBXResourcesBuildPhase;
			buildActionMask = 2147483647;
			files = (
			);
			runOnlyForDeploymentPostprocessing = 0;
		};
		32CA9D562DA7E1B300237881 /* Resources */ = {
			isa = PBXResourcesBuildPhase;
			buildActionMask = 2147483647;
			files = (
			);
			runOnlyForDeploymentPostprocessing = 0;
		};
		32CA9D602DA7E1B300237881 /* Resources */ = {
			isa = PBXResourcesBuildPhase;
			buildActionMask = 2147483647;
			files = (
			);
			runOnlyForDeploymentPostprocessing = 0;
		};
/* End PBXResourcesBuildPhase section */

/* Begin PBXSourcesBuildPhase section */
		32CA9D442DA7E1B100237881 /* Sources */ = {
			isa = PBXSourcesBuildPhase;
			buildActionMask = 2147483647;
			files = (
			);
			runOnlyForDeploymentPostprocessing = 0;
		};
		32CA9D542DA7E1B300237881 /* Sources */ = {
			isa = PBXSourcesBuildPhase;
			buildActionMask = 2147483647;
			files = (
			);
			runOnlyForDeploymentPostprocessing = 0;
		};
		32CA9D5E2DA7E1B300237881 /* Sources */ = {
			isa = PBXSourcesBuildPhase;
			buildActionMask = 2147483647;
			files = (
			);
			runOnlyForDeploymentPostprocessing = 0;
		};
/* End PBXSourcesBuildPhase section */

/* Begin PBXTargetDependency section */
		32CA9D5A2DA7E1B300237881 /* PBXTargetDependency */ = {
			isa = PBXTargetDependency;
			target = 32CA9D472DA7E1B100237881 /* ToDoList_SwiftUI */;
			targetProxy = 32CA9D592DA7E1B300237881 /* PBXContainerItemProxy */;
		};
		32CA9D642DA7E1B300237881 /* PBXTargetDependency */ = {
			isa = PBXTargetDependency;
			target = 32CA9D472DA7E1B100237881 /* ToDoList_SwiftUI */;
			targetProxy = 32CA9D632DA7E1B300237881 /* PBXContainerItemProxy */;
		};
/* End PBXTargetDependency section */

/* Begin XCBuildConfiguration section */
		32CA9D6A2DA7E1B300237881 /* Debug */ = {
			isa = XCBuildConfiguration;
			buildSettings = {
				ALWAYS_SEARCH_USER_PATHS = NO;
				ASSETCATALOG_COMPILER_GENERATE_SWIFT_ASSET_SYMBOL_EXTENSIONS = YES;
				CLANG_ANALYZER_NONNULL = YES;
				CLANG_ANALYZER_NUMBER_OBJECT_CONVERSION = YES_AGGRESSIVE;
				CLANG_CXX_LANGUAGE_STANDARD = "gnu++20";
				CLANG_ENABLE_MODULES = YES;
				CLANG_ENABLE_OBJC_ARC = YES;
				CLANG_ENABLE_OBJC_WEAK = YES;
				CLANG_WARN_BLOCK_CAPTURE_AUTORELEASING = YES;
				CLANG_WARN_BOOL_CONVERSION = YES;
				CLANG_WARN_COMMA = YES;
				CLANG_WARN_CONSTANT_CONVERSION = YES;
				CLANG_WARN_DEPRECATED_OBJC_IMPLEMENTATIONS = YES;
				CLANG_WARN_DIRECT_OBJC_ISA_USAGE = YES_ERROR;
				CLANG_WARN_DOCUMENTATION_COMMENTS = YES;
				CLANG_WARN_EMPTY_BODY = YES;
				CLANG_WARN_ENUM_CONVERSION = YES;
				CLANG_WARN_INFINITE_RECURSION = YES;
				CLANG_WARN_INT_CONVERSION = YES;
				CLANG_WARN_NON_LITERAL_NULL_CONVERSION = YES;
				CLANG_WARN_OBJC_IMPLICIT_RETAIN_SELF = YES;
				CLANG_WARN_OBJC_LITERAL_CONVERSION = YES;
				CLANG_WARN_OBJC_ROOT_CLASS = YES_ERROR;
				CLANG_WARN_QUOTED_INCLUDE_IN_FRAMEWORK_HEADER = YES;
				CLANG_WARN_RANGE_LOOP_ANALYSIS = YES;
				CLANG_WARN_STRICT_PROTOTYPES = YES;
				CLANG_WARN_SUSPICIOUS_MOVE = YES;
				CLANG_WARN_UNGUARDED_AVAILABILITY = YES_AGGRESSIVE;
				CLANG_WARN_UNREACHABLE_CODE = YES;
				CLANG_WARN__DUPLICATE_METHOD_MATCH = YES;
				COPY_PHASE_STRIP = NO;
				DEBUG_INFORMATION_FORMAT = dwarf;
				ENABLE_STRICT_OBJC_MSGSEND = YES;
				ENABLE_TESTABILITY = YES;
				ENABLE_USER_SCRIPT_SANDBOXING = YES;
				GCC_C_LANGUAGE_STANDARD = gnu17;
				GCC_DYNAMIC_NO_PIC = NO;
				GCC_NO_COMMON_BLOCKS = YES;
				GCC_OPTIMIZATION_LEVEL = 0;
				GCC_PREPROCESSOR_DEFINITIONS = (
					"DEBUG=1",
					"$(inherited)",
				);
				GCC_WARN_64_TO_32_BIT_CONVERSION = YES;
				GCC_WARN_ABOUT_RETURN_TYPE = YES_ERROR;
				GCC_WARN_UNDECLARED_SELECTOR = YES;
				GCC_WARN_UNINITIALIZED_AUTOS = YES_AGGRESSIVE;
				GCC_WARN_UNUSED_FUNCTION = YES;
				GCC_WARN_UNUSED_VARIABLE = YES;
				IPHONEOS_DEPLOYMENT_TARGET = 18.2;
				LOCALIZATION_PREFERS_STRING_CATALOGS = YES;
				MTL_ENABLE_DEBUG_INFO = INCLUDE_SOURCE;
				MTL_FAST_MATH = YES;
				ONLY_ACTIVE_ARCH = YES;
				SDKROOT = iphoneos;
				SWIFT_ACTIVE_COMPILATION_CONDITIONS = "DEBUG $(inherited)";
				SWIFT_OPTIMIZATION_LEVEL = "-Onone";
			};
			name = Debug;
		};
		32CA9D6B2DA7E1B300237881 /* Release */ = {
			isa = XCBuildConfiguration;
			buildSettings = {
				ALWAYS_SEARCH_USER_PATHS = NO;
				ASSETCATALOG_COMPILER_GENERATE_SWIFT_ASSET_SYMBOL_EXTENSIONS = YES;
				CLANG_ANALYZER_NONNULL = YES;
				CLANG_ANALYZER_NUMBER_OBJECT_CONVERSION = YES_AGGRESSIVE;
				CLANG_CXX_LANGUAGE_STANDARD = "gnu++20";
				CLANG_ENABLE_MODULES = YES;
				CLANG_ENABLE_OBJC_ARC = YES;
				CLANG_ENABLE_OBJC_WEAK = YES;
				CLANG_WARN_BLOCK_CAPTURE_AUTORELEASING = YES;
				CLANG_WARN_BOOL_CONVERSION = YES;
				CLANG_WARN_COMMA = YES;
				CLANG_WARN_CONSTANT_CONVERSION = YES;
				CLANG_WARN_DEPRECATED_OBJC_IMPLEMENTATIONS = YES;
				CLANG_WARN_DIRECT_OBJC_ISA_USAGE = YES_ERROR;
				CLANG_WARN_DOCUMENTATION_COMMENTS = YES;
				CLANG_WARN_EMPTY_BODY = YES;
				CLANG_WARN_ENUM_CONVERSION = YES;
				CLANG_WARN_INFINITE_RECURSION = YES;
				CLANG_WARN_INT_CONVERSION = YES;
				CLANG_WARN_NON_LITERAL_NULL_CONVERSION = YES;
				CLANG_WARN_OBJC_IMPLICIT_RETAIN_SELF = YES;
				CLANG_WARN_OBJC_LITERAL_CONVERSION = YES;
				CLANG_WARN_OBJC_ROOT_CLASS = YES_ERROR;
				CLANG_WARN_QUOTED_INCLUDE_IN_FRAMEWORK_HEADER = YES;
				CLANG_WARN_RANGE_LOOP_ANALYSIS = YES;
				CLANG_WARN_STRICT_PROTOTYPES = YES;
				CLANG_WARN_SUSPICIOUS_MOVE = YES;
				CLANG_WARN_UNGUARDED_AVAILABILITY = YES_AGGRESSIVE;
				CLANG_WARN_UNREACHABLE_CODE = YES;
				CLANG_WARN__DUPLICATE_METHOD_MATCH = YES;
				COPY_PHASE_STRIP = NO;
				DEBUG_INFORMATION_FORMAT = "dwarf-with-dsym";
				ENABLE_NS_ASSERTIONS = NO;
				ENABLE_STRICT_OBJC_MSGSEND = YES;
				ENABLE_USER_SCRIPT_SANDBOXING = YES;
				GCC_C_LANGUAGE_STANDARD = gnu17;
				GCC_NO_COMMON_BLOCKS = YES;
				GCC_WARN_64_TO_32_BIT_CONVERSION = YES;
				GCC_WARN_ABOUT_RETURN_TYPE = YES_ERROR;
				GCC_WARN_UNDECLARED_SELECTOR = YES;
				GCC_WARN_UNINITIALIZED_AUTOS = YES_AGGRESSIVE;
				GCC_WARN_UNUSED_FUNCTION = YES;
				GCC_WARN_UNUSED_VARIABLE = YES;
				IPHONEOS_DEPLOYMENT_TARGET = 18.2;
				LOCALIZATION_PREFERS_STRING_CATALOGS = YES;
				MTL_ENABLE_DEBUG_INFO = NO;
				MTL_FAST_MATH = YES;
				SDKROOT = iphoneos;
				SWIFT_COMPILATION_MODE = wholemodule;
				VALIDATE_PRODUCT = YES;
			};
			name = Release;
		};
		32CA9D6D2DA7E1B300237881 /* Debug */ = {
			isa = XCBuildConfiguration;
			buildSettings = {
				ASSETCATALOG_COMPILER_APPICON_NAME = AppIcon;
				ASSETCATALOG_COMPILER_GLOBAL_ACCENT_COLOR_NAME = AccentColor;
				CODE_SIGN_STYLE = Automatic;
				CURRENT_PROJECT_VERSION = 1;
				DEVELOPMENT_ASSET_PATHS = "\"ToDoList_SwiftUI/Preview Content\"";
				DEVELOPMENT_TEAM = WRFBH8P8G4;
				ENABLE_PREVIEWS = YES;
				GENERATE_INFOPLIST_FILE = YES;
				INFOPLIST_KEY_UIApplicationSceneManifest_Generation = YES;
				INFOPLIST_KEY_UIApplicationSupportsIndirectInputEvents = YES;
				INFOPLIST_KEY_UILaunchScreen_Generation = YES;
				INFOPLIST_KEY_UISupportedInterfaceOrientations_iPad = "UIInterfaceOrientationPortrait UIInterfaceOrientationPortraitUpsideDown UIInterfaceOrientationLandscapeLeft UIInterfaceOrientationLandscapeRight";
				INFOPLIST_KEY_UISupportedInterfaceOrientations_iPhone = "UIInterfaceOrientationPortrait UIInterfaceOrientationLandscapeLeft UIInterfaceOrientationLandscapeRight";
				IPHONEOS_DEPLOYMENT_TARGET = 15.0;
				LD_RUNPATH_SEARCH_PATHS = (
					"$(inherited)",
					"@executable_path/Frameworks",
				);
				MARKETING_VERSION = 1.0;
				PRODUCT_BUNDLE_IDENTIFIER = "ru.zverik.r.s.ToDoList-SwiftUI";
				PRODUCT_NAME = "$(TARGET_NAME)";
				SWIFT_EMIT_LOC_STRINGS = YES;
				SWIFT_VERSION = 5.0;
				TARGETED_DEVICE_FAMILY = "1,2";
			};
			name = Debug;
		};
		32CA9D6E2DA7E1B300237881 /* Release */ = {
			isa = XCBuildConfiguration;
			buildSettings = {
				ASSETCATALOG_COMPILER_APPICON_NAME = AppIcon;
				ASSETCATALOG_COMPILER_GLOBAL_ACCENT_COLOR_NAME = AccentColor;
				CODE_SIGN_STYLE = Automatic;
				CURRENT_PROJECT_VERSION = 1;
				DEVELOPMENT_ASSET_PATHS = "\"ToDoList_SwiftUI/Preview Content\"";
				DEVELOPMENT_TEAM = WRFBH8P8G4;
				ENABLE_PREVIEWS = YES;
				GENERATE_INFOPLIST_FILE = YES;
				INFOPLIST_KEY_UIApplicationSceneManifest_Generation = YES;
				INFOPLIST_KEY_UIApplicationSupportsIndirectInputEvents = YES;
				INFOPLIST_KEY_UILaunchScreen_Generation = YES;
				INFOPLIST_KEY_UISupportedInterfaceOrientations_iPad = "UIInterfaceOrientationPortrait UIInterfaceOrientationPortraitUpsideDown UIInterfaceOrientationLandscapeLeft UIInterfaceOrientationLandscapeRight";
				INFOPLIST_KEY_UISupportedInterfaceOrientations_iPhone = "UIInterfaceOrientationPortrait UIInterfaceOrientationLandscapeLeft UIInterfaceOrientationLandscapeRight";
				IPHONEOS_DEPLOYMENT_TARGET = 15.0;
				LD_RUNPATH_SEARCH_PATHS = (
					"$(inherited)",
					"@executable_path/Frameworks",
				);
				MARKETING_VERSION = 1.0;
				PRODUCT_BUNDLE_IDENTIFIER = "ru.zverik.r.s.ToDoList-SwiftUI";
				PRODUCT_NAME = "$(TARGET_NAME)";
				SWIFT_EMIT_LOC_STRINGS = YES;
				SWIFT_VERSION = 5.0;
				TARGETED_DEVICE_FAMILY = "1,2";
			};
			name = Release;
		};
		32CA9D702DA7E1B300237881 /* Debug */ = {
			isa = XCBuildConfiguration;
			buildSettings = {
				BUNDLE_LOADER = "$(TEST_HOST)";
				CODE_SIGN_STYLE = Automatic;
				CURRENT_PROJECT_VERSION = 1;
				DEVELOPMENT_TEAM = WRFBH8P8G4;
				GENERATE_INFOPLIST_FILE = YES;
				IPHONEOS_DEPLOYMENT_TARGET = 18.2;
				MARKETING_VERSION = 1.0;
				PRODUCT_BUNDLE_IDENTIFIER = "ru.zverik.r.s.ToDoList-SwiftUITests";
				PRODUCT_NAME = "$(TARGET_NAME)";
				SWIFT_EMIT_LOC_STRINGS = NO;
				SWIFT_VERSION = 5.0;
				TARGETED_DEVICE_FAMILY = "1,2";
				TEST_HOST = "$(BUILT_PRODUCTS_DIR)/ToDoList_SwiftUI.app/$(BUNDLE_EXECUTABLE_FOLDER_PATH)/ToDoList_SwiftUI";
			};
			name = Debug;
		};
		32CA9D712DA7E1B300237881 /* Release */ = {
			isa = XCBuildConfiguration;
			buildSettings = {
				BUNDLE_LOADER = "$(TEST_HOST)";
				CODE_SIGN_STYLE = Automatic;
				CURRENT_PROJECT_VERSION = 1;
				DEVELOPMENT_TEAM = WRFBH8P8G4;
				GENERATE_INFOPLIST_FILE = YES;
				IPHONEOS_DEPLOYMENT_TARGET = 18.2;
				MARKETING_VERSION = 1.0;
				PRODUCT_BUNDLE_IDENTIFIER = "ru.zverik.r.s.ToDoList-SwiftUITests";
				PRODUCT_NAME = "$(TARGET_NAME)";
				SWIFT_EMIT_LOC_STRINGS = NO;
				SWIFT_VERSION = 5.0;
				TARGETED_DEVICE_FAMILY = "1,2";
				TEST_HOST = "$(BUILT_PRODUCTS_DIR)/ToDoList_SwiftUI.app/$(BUNDLE_EXECUTABLE_FOLDER_PATH)/ToDoList_SwiftUI";
			};
			name = Release;
		};
		32CA9D732DA7E1B300237881 /* Debug */ = {
			isa = XCBuildConfiguration;
			buildSettings = {
				CODE_SIGN_STYLE = Automatic;
				CURRENT_PROJECT_VERSION = 1;
				DEVELOPMENT_TEAM = WRFBH8P8G4;
				GENERATE_INFOPLIST_FILE = YES;
				MARKETING_VERSION = 1.0;
				PRODUCT_BUNDLE_IDENTIFIER = "ru.zverik.r.s.ToDoList-SwiftUIUITests";
				PRODUCT_NAME = "$(TARGET_NAME)";
				SWIFT_EMIT_LOC_STRINGS = NO;
				SWIFT_VERSION = 5.0;
				TARGETED_DEVICE_FAMILY = "1,2";
				TEST_TARGET_NAME = ToDoList_SwiftUI;
			};
			name = Debug;
		};
		32CA9D742DA7E1B300237881 /* Release */ = {
			isa = XCBuildConfiguration;
			buildSettings = {
				CODE_SIGN_STYLE = Automatic;
				CURRENT_PROJECT_VERSION = 1;
				DEVELOPMENT_TEAM = WRFBH8P8G4;
				GENERATE_INFOPLIST_FILE = YES;
				MARKETING_VERSION = 1.0;
				PRODUCT_BUNDLE_IDENTIFIER = "ru.zverik.r.s.ToDoList-SwiftUIUITests";
				PRODUCT_NAME = "$(TARGET_NAME)";
				SWIFT_EMIT_LOC_STRINGS = NO;
				SWIFT_VERSION = 5.0;
				TARGETED_DEVICE_FAMILY = "1,2";
				TEST_TARGET_NAME = ToDoList_SwiftUI;
			};
			name = Release;
		};
/* End XCBuildConfiguration section */

/* Begin XCConfigurationList section */
		32CA9D432DA7E1B100237881 /* Build configuration list for PBXProject "ToDoList_SwiftUI" */ = {
			isa = XCConfigurationList;
			buildConfigurations = (
				32CA9D6A2DA7E1B300237881 /* Debug */,
				32CA9D6B2DA7E1B300237881 /* Release */,
			);
			defaultConfigurationIsVisible = 0;
			defaultConfigurationName = Release;
		};
		32CA9D6C2DA7E1B300237881 /* Build configuration list for PBXNativeTarget "ToDoList_SwiftUI" */ = {
			isa = XCConfigurationList;
			buildConfigurations = (
				32CA9D6D2DA7E1B300237881 /* Debug */,
				32CA9D6E2DA7E1B300237881 /* Release */,
			);
			defaultConfigurationIsVisible = 0;
			defaultConfigurationName = Release;
		};
		32CA9D6F2DA7E1B300237881 /* Build configuration list for PBXNativeTarget "ToDoList_SwiftUITests" */ = {
			isa = XCConfigurationList;
			buildConfigurations = (
				32CA9D702DA7E1B300237881 /* Debug */,
				32CA9D712DA7E1B300237881 /* Release */,
			);
			defaultConfigurationIsVisible = 0;
			defaultConfigurationName = Release;
		};
		32CA9D722DA7E1B300237881 /* Build configuration list for PBXNativeTarget "ToDoList_SwiftUIUITests" */ = {
			isa = XCConfigurationList;
			buildConfigurations = (
				32CA9D732DA7E1B300237881 /* Debug */,
				32CA9D742DA7E1B300237881 /* Release */,
			);
			defaultConfigurationIsVisible = 0;
			defaultConfigurationName = Release;
		};
/* End XCConfigurationList section */
	};
	rootObject = 32CA9D402DA7E1B100237881 /* Project object */;
}
